// !$*UTF8*$!
{
	archiveVersion = 1;
	classes = {
	};
	objectVersion = 77;
	objects = {

/* Begin PBXContainerItemProxy section */
		3D2E45BF2EF5E9570035CEA1 /* PBXContainerItemProxy */ = {
			isa = PBXContainerItemProxy;
			containerPortal = 3D2E45A92EF5E9550035CEA1 /* Project object */;
			proxyType = 1;
			remoteGlobalIDString = 3D2E45B02EF5E9550035CEA1;
			remoteInfo = FinanceCalculators;
		};
		3D2E45C92EF5E9570035CEA1 /* PBXContainerItemProxy */ = {
			isa = PBXContainerItemProxy;
			containerPortal = 3D2E45A92EF5E9550035CEA1 /* Project object */;
			proxyType = 1;
			remoteGlobalIDString = 3D2E45B02EF5E9550035CEA1;
			remoteInfo = FinanceCalculators;
		};
/* End PBXContainerItemProxy section */

/* Begin PBXFileReference section */
		3D2E45B12EF5E9550035CEA1 /* FinanceCalculators.app */ = {isa = PBXFileReference; explicitFileType = wrapper.application; includeInIndex = 0; path = FinanceCalculators.app; sourceTree = BUILT_PRODUCTS_DIR; };
		3D2E45BE2EF5E9570035CEA1 /* FinanceCalculatorsTests.xctest */ = {isa = PBXFileReference; explicitFileType = wrapper.cfbundle; includeInIndex = 0; path = FinanceCalculatorsTests.xctest; sourceTree = BUILT_PRODUCTS_DIR; };
		3D2E45C82EF5E9570035CEA1 /* FinanceCalculatorsUITests.xctest */ = {isa = PBXFileReference; explicitFileType = wrapper.cfbundle; includeInIndex = 0; path = FinanceCalculatorsUITests.xctest; sourceTree = BUILT_PRODUCTS_DIR; };
/* End PBXFileReference section */

/* Begin PBXFileSystemSynchronizedRootGroup section */
		3D2E45B32EF5E9550035CEA1 /* FinanceCalculators */ = {
			isa = PBXFileSystemSynchronizedRootGroup;
			path = FinanceCalculators;
			sourceTree = "<group>";
		};
		3D2E45C12EF5E9570035CEA1 /* FinanceCalculatorsTests */ = {
			isa = PBXFileSystemSynchronizedRootGroup;
			path = FinanceCalculatorsTests;
			sourceTree = "<group>";
		};
		3D2E45CB2EF5E9570035CEA1 /* FinanceCalculatorsUITests */ = {
			isa = PBXFileSystemSynchronizedRootGroup;
			path = FinanceCalculatorsUITests;
			sourceTree = "<group>";
		};
/* End PBXFileSystemSynchronizedRootGroup section */

/* Begin PBXFrameworksBuildPhase section */
		3D2E45AE2EF5E9550035CEA1 /* Frameworks */ = {
			isa = PBXFrameworksBuildPhase;
			buildActionMask = 2147483647;
			files = (
			);
			runOnlyForDeploymentPostprocessing = 0;
		};
		3D2E45BB2EF5E9570035CEA1 /* Frameworks */ = {
			isa = PBXFrameworksBuildPhase;
			buildActionMask = 2147483647;
			files = (
			);
			runOnlyForDeploymentPostprocessing = 0;
		};
		3D2E45C52EF5E9570035CEA1 /* Frameworks */ = {
			isa = PBXFrameworksBuildPhase;
			buildActionMask = 2147483647;
			files = (
			);
			runOnlyForDeploymentPostprocessing = 0;
		};
/* End PBXFrameworksBuildPhase section */

/* Begin PBXGroup section */
		3D2E45A82EF5E9550035CEA1 = {
			isa = PBXGroup;
			children = (
				3D2E45B32EF5E9550035CEA1 /* FinanceCalculators */,
				3D2E45C12EF5E9570035CEA1 /* FinanceCalculatorsTests */,
				3D2E45CB2EF5E9570035CEA1 /* FinanceCalculatorsUITests */,
				3D2E45B22EF5E9550035CEA1 /* Products */,
			);
			sourceTree = "<group>";
		};
		3D2E45B22EF5E9550035CEA1 /* Products */ = {
			isa = PBXGroup;
			children = (
				3D2E45B12EF5E9550035CEA1 /* FinanceCalculators.app */,
				3D2E45BE2EF5E9570035CEA1 /* FinanceCalculatorsTests.xctest */,
				3D2E45C82EF5E9570035CEA1 /* FinanceCalculatorsUITests.xctest */,
			);
			name = Products;
			sourceTree = "<group>";
		};
/* End PBXGroup section */

/* Begin PBXNativeTarget section */
		3D2E45B02EF5E9550035CEA1 /* FinanceCalculators */ = {
			isa = PBXNativeTarget;
			buildConfigurationList = 3D2E45D22EF5E9570035CEA1 /* Build configuration list for PBXNativeTarget "FinanceCalculators" */;
			buildPhases = (
				3D2E45AD2EF5E9550035CEA1 /* Sources */,
				3D2E45AE2EF5E9550035CEA1 /* Frameworks */,
				3D2E45AF2EF5E9550035CEA1 /* Resources */,
			);
			buildRules = (
			);
			dependencies = (
			);
			fileSystemSynchronizedGroups = (
				3D2E45B32EF5E9550035CEA1 /* FinanceCalculators */,
			);
			name = FinanceCalculators;
			packageProductDependencies = (
			);
			productName = FinanceCalculators;
			productReference = 3D2E45B12EF5E9550035CEA1 /* FinanceCalculators.app */;
			productType = "com.apple.product-type.application";
		};
		3D2E45BD2EF5E9570035CEA1 /* FinanceCalculatorsTests */ = {
			isa = PBXNativeTarget;
			buildConfigurationList = 3D2E45D52EF5E9570035CEA1 /* Build configuration list for PBXNativeTarget "FinanceCalculatorsTests" */;
			buildPhases = (
				3D2E45BA2EF5E9570035CEA1 /* Sources */,
				3D2E45BB2EF5E9570035CEA1 /* Frameworks */,
				3D2E45BC2EF5E9570035CEA1 /* Resources */,
			);
			buildRules = (
			);
			dependencies = (
				3D2E45C02EF5E9570035CEA1 /* PBXTargetDependency */,
			);
			fileSystemSynchronizedGroups = (
				3D2E45C12EF5E9570035CEA1 /* FinanceCalculatorsTests */,
			);
			name = FinanceCalculatorsTests;
			packageProductDependencies = (
			);
			productName = FinanceCalculatorsTests;
			productReference = 3D2E45BE2EF5E9570035CEA1 /* FinanceCalculatorsTests.xctest */;
			productType = "com.apple.product-type.bundle.unit-test";
		};
		3D2E45C72EF5E9570035CEA1 /* FinanceCalculatorsUITests */ = {
			isa = PBXNativeTarget;
			buildConfigurationList = 3D2E45D82EF5E9570035CEA1 /* Build configuration list for PBXNativeTarget "FinanceCalculatorsUITests" */;
			buildPhases = (
				3D2E45C42EF5E9570035CEA1 /* Sources */,
				3D2E45C52EF5E9570035CEA1 /* Frameworks */,
				3D2E45C62EF5E9570035CEA1 /* Resources */,
			);
			buildRules = (
			);
			dependencies = (
				3D2E45CA2EF5E9570035CEA1 /* PBXTargetDependency */,
			);
			fileSystemSynchronizedGroups = (
				3D2E45CB2EF5E9570035CEA1 /* FinanceCalculatorsUITests */,
			);
			name = FinanceCalculatorsUITests;
			packageProductDependencies = (
			);
			productName = FinanceCalculatorsUITests;
			productReference = 3D2E45C82EF5E9570035CEA1 /* FinanceCalculatorsUITests.xctest */;
			productType = "com.apple.product-type.bundle.ui-testing";
		};
/* End PBXNativeTarget section */

/* Begin PBXProject section */
		3D2E45A92EF5E9550035CEA1 /* Project object */ = {
			isa = PBXProject;
			attributes = {
				BuildIndependentTargetsInParallel = 1;
				LastSwiftUpdateCheck = 2600;
				LastUpgradeCheck = 2600;
				TargetAttributes = {
					3D2E45B02EF5E9550035CEA1 = {
						CreatedOnToolsVersion = 26.0.1;
					};
					3D2E45BD2EF5E9570035CEA1 = {
						CreatedOnToolsVersion = 26.0.1;
						TestTargetID = 3D2E45B02EF5E9550035CEA1;
					};
					3D2E45C72EF5E9570035CEA1 = {
						CreatedOnToolsVersion = 26.0.1;
						TestTargetID = 3D2E45B02EF5E9550035CEA1;
					};
				};
			};
			buildConfigurationList = 3D2E45AC2EF5E9550035CEA1 /* Build configuration list for PBXProject "FinanceCalculators" */;
			developmentRegion = en;
			hasScannedForEncodings = 0;
			knownRegions = (
				en,
				Base,
			);
			mainGroup = 3D2E45A82EF5E9550035CEA1;
			minimizedProjectReferenceProxies = 1;
			preferredProjectObjectVersion = 77;
			productRefGroup = 3D2E45B22EF5E9550035CEA1 /* Products */;
			projectDirPath = "";
			projectRoot = "";
			targets = (
				3D2E45B02EF5E9550035CEA1 /* FinanceCalculators */,
				3D2E45BD2EF5E9570035CEA1 /* FinanceCalculatorsTests */,
				3D2E45C72EF5E9570035CEA1 /* FinanceCalculatorsUITests */,
			);
		};
/* End PBXProject section */

/* Begin PBXResourcesBuildPhase section */
		3D2E45AF2EF5E9550035CEA1 /* Resources */ = {
			isa = PBXResourcesBuildPhase;
			buildActionMask = 2147483647;
			files = (
			);
			runOnlyForDeploymentPostprocessing = 0;
		};
		3D2E45BC2EF5E9570035CEA1 /* Resources */ = {
			isa = PBXResourcesBuildPhase;
			buildActionMask = 2147483647;
			files = (
			);
			runOnlyForDeploymentPostprocessing = 0;
		};
		3D2E45C62EF5E9570035CEA1 /* Resources */ = {
			isa = PBXResourcesBuildPhase;
			buildActionMask = 2147483647;
			files = (
			);
			runOnlyForDeploymentPostprocessing = 0;
		};
/* End PBXResourcesBuildPhase section */

/* Begin PBXSourcesBuildPhase section */
		3D2E45AD2EF5E9550035CEA1 /* Sources */ = {
			isa = PBXSourcesBuildPhase;
			buildActionMask = 2147483647;
			files = (
			);
			runOnlyForDeploymentPostprocessing = 0;
		};
		3D2E45BA2EF5E9570035CEA1 /* Sources */ = {
			isa = PBXSourcesBuildPhase;
			buildActionMask = 2147483647;
			files = (
			);
			runOnlyForDeploymentPostprocessing = 0;
		};
		3D2E45C42EF5E9570035CEA1 /* Sources */ = {
			isa = PBXSourcesBuildPhase;
			buildActionMask = 2147483647;
			files = (
			);
			runOnlyForDeploymentPostprocessing = 0;
		};
/* End PBXSourcesBuildPhase section */

/* Begin PBXTargetDependency section */
		3D2E45C02EF5E9570035CEA1 /* PBXTargetDependency */ = {
			isa = PBXTargetDependency;
			target = 3D2E45B02EF5E9550035CEA1 /* FinanceCalculators */;
			targetProxy = 3D2E45BF2EF5E9570035CEA1 /* PBXContainerItemProxy */;
		};
		3D2E45CA2EF5E9570035CEA1 /* PBXTargetDependency */ = {
			isa = PBXTargetDependency;
			target = 3D2E45B02EF5E9550035CEA1 /* FinanceCalculators */;
			targetProxy = 3D2E45C92EF5E9570035CEA1 /* PBXContainerItemProxy */;
		};
/* End PBXTargetDependency section */

/* Begin XCBuildConfiguration section */
		3D2E45D02EF5E9570035CEA1 /* Debug */ = {
			isa = XCBuildConfiguration;
			buildSettings = {
				ALWAYS_SEARCH_USER_PATHS = NO;
				ASSETCATALOG_COMPILER_GENERATE_SWIFT_ASSET_SYMBOL_EXTENSIONS = YES;
				CLANG_ANALYZER_NONNULL = YES;
				CLANG_ANALYZER_NUMBER_OBJECT_CONVERSION = YES_AGGRESSIVE;
				CLANG_CXX_LANGUAGE_STANDARD = "gnu++20";
				CLANG_ENABLE_MODULES = YES;
				CLANG_ENABLE_OBJC_ARC = YES;
				CLANG_ENABLE_OBJC_WEAK = YES;
				CLANG_WARN_BLOCK_CAPTURE_AUTORELEASING = YES;
				CLANG_WARN_BOOL_CONVERSION = YES;
				CLANG_WARN_COMMA = YES;
				CLANG_WARN_CONSTANT_CONVERSION = YES;
				CLANG_WARN_DEPRECATED_OBJC_IMPLEMENTATIONS = YES;
				CLANG_WARN_DIRECT_OBJC_ISA_USAGE = YES_ERROR;
				CLANG_WARN_DOCUMENTATION_COMMENTS = YES;
				CLANG_WARN_EMPTY_BODY = YES;
				CLANG_WARN_ENUM_CONVERSION = YES;
				CLANG_WARN_INFINITE_RECURSION = YES;
				CLANG_WARN_INT_CONVERSION = YES;
				CLANG_WARN_NON_LITERAL_NULL_CONVERSION = YES;
				CLANG_WARN_OBJC_IMPLICIT_RETAIN_SELF = YES;
				CLANG_WARN_OBJC_LITERAL_CONVERSION = YES;
				CLANG_WARN_OBJC_ROOT_CLASS = YES_ERROR;
				CLANG_WARN_QUOTED_INCLUDE_IN_FRAMEWORK_HEADER = YES;
				CLANG_WARN_RANGE_LOOP_ANALYSIS = YES;
				CLANG_WARN_STRICT_PROTOTYPES = YES;
				CLANG_WARN_SUSPICIOUS_MOVE = YES;
				CLANG_WARN_UNGUARDED_AVAILABILITY = YES_AGGRESSIVE;
				CLANG_WARN_UNREACHABLE_CODE = YES;
				CLANG_WARN__DUPLICATE_METHOD_MATCH = YES;
				COPY_PHASE_STRIP = NO;
				DEBUG_INFORMATION_FORMAT = dwarf;
				ENABLE_STRICT_OBJC_MSGSEND = YES;
				ENABLE_TESTABILITY = YES;
				ENABLE_USER_SCRIPT_SANDBOXING = YES;
				GCC_C_LANGUAGE_STANDARD = gnu17;
				GCC_DYNAMIC_NO_PIC = NO;
				GCC_NO_COMMON_BLOCKS = YES;
				GCC_OPTIMIZATION_LEVEL = 0;
				GCC_PREPROCESSOR_DEFINITIONS = (
					"DEBUG=1",
					"$(inherited)",
				);
				GCC_WARN_64_TO_32_BIT_CONVERSION = YES;
				GCC_WARN_ABOUT_RETURN_TYPE = YES_ERROR;
				GCC_WARN_UNDECLARED_SELECTOR = YES;
				GCC_WARN_UNINITIALIZED_AUTOS = YES_AGGRESSIVE;
				GCC_WARN_UNUSED_FUNCTION = YES;
				GCC_WARN_UNUSED_VARIABLE = YES;
				IPHONEOS_DEPLOYMENT_TARGET = 26.0;
				LOCALIZATION_PREFERS_STRING_CATALOGS = YES;
				MTL_ENABLE_DEBUG_INFO = INCLUDE_SOURCE;
				MTL_FAST_MATH = YES;
				ONLY_ACTIVE_ARCH = YES;
				SDKROOT = iphoneos;
				SWIFT_ACTIVE_COMPILATION_CONDITIONS = "DEBUG $(inherited)";
				SWIFT_OPTIMIZATION_LEVEL = "-Onone";
			};
			name = Debug;
		};
		3D2E45D12EF5E9570035CEA1 /* Release */ = {
			isa = XCBuildConfiguration;
			buildSettings = {
				ALWAYS_SEARCH_USER_PATHS = NO;
				ASSETCATALOG_COMPILER_GENERATE_SWIFT_ASSET_SYMBOL_EXTENSIONS = YES;
				CLANG_ANALYZER_NONNULL = YES;
				CLANG_ANALYZER_NUMBER_OBJECT_CONVERSION = YES_AGGRESSIVE;
				CLANG_CXX_LANGUAGE_STANDARD = "gnu++20";
				CLANG_ENABLE_MODULES = YES;
				CLANG_ENABLE_OBJC_ARC = YES;
				CLANG_ENABLE_OBJC_WEAK = YES;
				CLANG_WARN_BLOCK_CAPTURE_AUTORELEASING = YES;
				CLANG_WARN_BOOL_CONVERSION = YES;
				CLANG_WARN_COMMA = YES;
				CLANG_WARN_CONSTANT_CONVERSION = YES;
				CLANG_WARN_DEPRECATED_OBJC_IMPLEMENTATIONS = YES;
				CLANG_WARN_DIRECT_OBJC_ISA_USAGE = YES_ERROR;
				CLANG_WARN_DOCUMENTATION_COMMENTS = YES;
				CLANG_WARN_EMPTY_BODY = YES;
				CLANG_WARN_ENUM_CONVERSION = YES;
				CLANG_WARN_INFINITE_RECURSION = YES;
				CLANG_WARN_INT_CONVERSION = YES;
				CLANG_WARN_NON_LITERAL_NULL_CONVERSION = YES;
				CLANG_WARN_OBJC_IMPLICIT_RETAIN_SELF = YES;
				CLANG_WARN_OBJC_LITERAL_CONVERSION = YES;
				CLANG_WARN_OBJC_ROOT_CLASS = YES_ERROR;
				CLANG_WARN_QUOTED_INCLUDE_IN_FRAMEWORK_HEADER = YES;
				CLANG_WARN_RANGE_LOOP_ANALYSIS = YES;
				CLANG_WARN_STRICT_PROTOTYPES = YES;
				CLANG_WARN_SUSPICIOUS_MOVE = YES;
				CLANG_WARN_UNGUARDED_AVAILABILITY = YES_AGGRESSIVE;
				CLANG_WARN_UNREACHABLE_CODE = YES;
				CLANG_WARN__DUPLICATE_METHOD_MATCH = YES;
				COPY_PHASE_STRIP = NO;
				DEBUG_INFORMATION_FORMAT = "dwarf-with-dsym";
				ENABLE_NS_ASSERTIONS = NO;
				ENABLE_STRICT_OBJC_MSGSEND = YES;
				ENABLE_USER_SCRIPT_SANDBOXING = YES;
				GCC_C_LANGUAGE_STANDARD = gnu17;
				GCC_NO_COMMON_BLOCKS = YES;
				GCC_WARN_64_TO_32_BIT_CONVERSION = YES;
				GCC_WARN_ABOUT_RETURN_TYPE = YES_ERROR;
				GCC_WARN_UNDECLARED_SELECTOR = YES;
				GCC_WARN_UNINITIALIZED_AUTOS = YES_AGGRESSIVE;
				GCC_WARN_UNUSED_FUNCTION = YES;
				GCC_WARN_UNUSED_VARIABLE = YES;
				IPHONEOS_DEPLOYMENT_TARGET = 26.0;
				LOCALIZATION_PREFERS_STRING_CATALOGS = YES;
				MTL_ENABLE_DEBUG_INFO = NO;
				MTL_FAST_MATH = YES;
				SDKROOT = iphoneos;
				SWIFT_COMPILATION_MODE = wholemodule;
				VALIDATE_PRODUCT = YES;
			};
			name = Release;
		};
		3D2E45D32EF5E9570035CEA1 /* Debug */ = {
			isa = XCBuildConfiguration;
			buildSettings = {
				ASSETCATALOG_COMPILER_APPICON_NAME = AppIcon;
				ASSETCATALOG_COMPILER_GLOBAL_ACCENT_COLOR_NAME = AccentColor;
				CODE_SIGN_STYLE = Automatic;
				CURRENT_PROJECT_VERSION = 1;
				ENABLE_PREVIEWS = YES;
				GENERATE_INFOPLIST_FILE = YES;
				INFOPLIST_KEY_UIApplicationSceneManifest_Generation = YES;
				INFOPLIST_KEY_UIApplicationSupportsIndirectInputEvents = YES;
				INFOPLIST_KEY_UILaunchScreen_Generation = YES;
				INFOPLIST_KEY_UISupportedInterfaceOrientations_iPad = "UIInterfaceOrientationPortrait UIInterfaceOrientationPortraitUpsideDown UIInterfaceOrientationLandscapeLeft UIInterfaceOrientationLandscapeRight";
				INFOPLIST_KEY_UISupportedInterfaceOrientations_iPhone = "UIInterfaceOrientationPortrait UIInterfaceOrientationLandscapeLeft UIInterfaceOrientationLandscapeRight";
				LD_RUNPATH_SEARCH_PATHS = (
					"$(inherited)",
					"@executable_path/Frameworks",
				);
				MARKETING_VERSION = 1.0;
				PRODUCT_BUNDLE_IDENTIFIER = dale.FinanceCalculators;
				PRODUCT_NAME = "$(TARGET_NAME)";
				STRING_CATALOG_GENERATE_SYMBOLS = YES;
				SWIFT_APPROACHABLE_CONCURRENCY = YES;
				SWIFT_DEFAULT_ACTOR_ISOLATION = MainActor;
				SWIFT_EMIT_LOC_STRINGS = YES;
				SWIFT_UPCOMING_FEATURE_MEMBER_IMPORT_VISIBILITY = YES;
				SWIFT_VERSION = 5.0;
				TARGETED_DEVICE_FAMILY = "1,2";
			};
			name = Debug;
		};
		3D2E45D42EF5E9570035CEA1 /* Release */ = {
			isa = XCBuildConfiguration;
			buildSettings = {
				ASSETCATALOG_COMPILER_APPICON_NAME = AppIcon;
				ASSETCATALOG_COMPILER_GLOBAL_ACCENT_COLOR_NAME = AccentColor;
				CODE_SIGN_STYLE = Automatic;
				CURRENT_PROJECT_VERSION = 1;
				ENABLE_PREVIEWS = YES;
				GENERATE_INFOPLIST_FILE = YES;
				INFOPLIST_KEY_UIApplicationSceneManifest_Generation = YES;
				INFOPLIST_KEY_UIApplicationSupportsIndirectInputEvents = YES;
				INFOPLIST_KEY_UILaunchScreen_Generation = YES;
				INFOPLIST_KEY_UISupportedInterfaceOrientations_iPad = "UIInterfaceOrientationPortrait UIInterfaceOrientationPortraitUpsideDown UIInterfaceOrientationLandscapeLeft UIInterfaceOrientationLandscapeRight";
				INFOPLIST_KEY_UISupportedInterfaceOrientations_iPhone = "UIInterfaceOrientationPortrait UIInterfaceOrientationLandscapeLeft UIInterfaceOrientationLandscapeRight";
				LD_RUNPATH_SEARCH_PATHS = (
					"$(inherited)",
					"@executable_path/Frameworks",
				);
				MARKETING_VERSION = 1.0;
				PRODUCT_BUNDLE_IDENTIFIER = dale.FinanceCalculators;
				PRODUCT_NAME = "$(TARGET_NAME)";
				STRING_CATALOG_GENERATE_SYMBOLS = YES;
				SWIFT_APPROACHABLE_CONCURRENCY = YES;
				SWIFT_DEFAULT_ACTOR_ISOLATION = MainActor;
				SWIFT_EMIT_LOC_STRINGS = YES;
				SWIFT_UPCOMING_FEATURE_MEMBER_IMPORT_VISIBILITY = YES;
				SWIFT_VERSION = 5.0;
				TARGETED_DEVICE_FAMILY = "1,2";
			};
			name = Release;
		};
		3D2E45D62EF5E9570035CEA1 /* Debug */ = {
			isa = XCBuildConfiguration;
			buildSettings = {
				BUNDLE_LOADER = "$(TEST_HOST)";
				CODE_SIGN_STYLE = Automatic;
				CURRENT_PROJECT_VERSION = 1;
				GENERATE_INFOPLIST_FILE = YES;
				IPHONEOS_DEPLOYMENT_TARGET = 26.0;
				MARKETING_VERSION = 1.0;
				PRODUCT_BUNDLE_IDENTIFIER = dale.FinanceCalculatorsTests;
				PRODUCT_NAME = "$(TARGET_NAME)";
				STRING_CATALOG_GENERATE_SYMBOLS = NO;
				SWIFT_APPROACHABLE_CONCURRENCY = YES;
				SWIFT_EMIT_LOC_STRINGS = NO;
				SWIFT_UPCOMING_FEATURE_MEMBER_IMPORT_VISIBILITY = YES;
				SWIFT_VERSION = 5.0;
				TARGETED_DEVICE_FAMILY = "1,2";
				TEST_HOST = "$(BUILT_PRODUCTS_DIR)/FinanceCalculators.app/$(BUNDLE_EXECUTABLE_FOLDER_PATH)/FinanceCalculators";
			};
			name = Debug;
		};
		3D2E45D72EF5E9570035CEA1 /* Release */ = {
			isa = XCBuildConfiguration;
			buildSettings = {
				BUNDLE_LOADER = "$(TEST_HOST)";
				CODE_SIGN_STYLE = Automatic;
				CURRENT_PROJECT_VERSION = 1;
				GENERATE_INFOPLIST_FILE = YES;
				IPHONEOS_DEPLOYMENT_TARGET = 26.0;
				MARKETING_VERSION = 1.0;
				PRODUCT_BUNDLE_IDENTIFIER = dale.FinanceCalculatorsTests;
				PRODUCT_NAME = "$(TARGET_NAME)";
				STRING_CATALOG_GENERATE_SYMBOLS = NO;
				SWIFT_APPROACHABLE_CONCURRENCY = YES;
				SWIFT_EMIT_LOC_STRINGS = NO;
				SWIFT_UPCOMING_FEATURE_MEMBER_IMPORT_VISIBILITY = YES;
				SWIFT_VERSION = 5.0;
				TARGETED_DEVICE_FAMILY = "1,2";
				TEST_HOST = "$(BUILT_PRODUCTS_DIR)/FinanceCalculators.app/$(BUNDLE_EXECUTABLE_FOLDER_PATH)/FinanceCalculators";
			};
			name = Release;
		};
		3D2E45D92EF5E9570035CEA1 /* Debug */ = {
			isa = XCBuildConfiguration;
			buildSettings = {
				CODE_SIGN_STYLE = Automatic;
				CURRENT_PROJECT_VERSION = 1;
				GENERATE_INFOPLIST_FILE = YES;
				MARKETING_VERSION = 1.0;
				PRODUCT_BUNDLE_IDENTIFIER = dale.FinanceCalculatorsUITests;
				PRODUCT_NAME = "$(TARGET_NAME)";
				STRING_CATALOG_GENERATE_SYMBOLS = NO;
				SWIFT_APPROACHABLE_CONCURRENCY = YES;
				SWIFT_EMIT_LOC_STRINGS = NO;
				SWIFT_UPCOMING_FEATURE_MEMBER_IMPORT_VISIBILITY = YES;
				SWIFT_VERSION = 5.0;
				TARGETED_DEVICE_FAMILY = "1,2";
				TEST_TARGET_NAME = FinanceCalculators;
			};
			name = Debug;
		};
		3D2E45DA2EF5E9570035CEA1 /* Release */ = {
			isa = XCBuildConfiguration;
			buildSettings = {
				CODE_SIGN_STYLE = Automatic;
				CURRENT_PROJECT_VERSION = 1;
				GENERATE_INFOPLIST_FILE = YES;
				MARKETING_VERSION = 1.0;
				PRODUCT_BUNDLE_IDENTIFIER = dale.FinanceCalculatorsUITests;
				PRODUCT_NAME = "$(TARGET_NAME)";
				STRING_CATALOG_GENERATE_SYMBOLS = NO;
				SWIFT_APPROACHABLE_CONCURRENCY = YES;
				SWIFT_EMIT_LOC_STRINGS = NO;
				SWIFT_UPCOMING_FEATURE_MEMBER_IMPORT_VISIBILITY = YES;
				SWIFT_VERSION = 5.0;
				TARGETED_DEVICE_FAMILY = "1,2";
				TEST_TARGET_NAME = FinanceCalculators;
			};
			name = Release;
		};
/* End XCBuildConfiguration section */

/* Begin XCConfigurationList section */
		3D2E45AC2EF5E9550035CEA1 /* Build configuration list for PBXProject "FinanceCalculators" */ = {
			isa = XCConfigurationList;
			buildConfigurations = (
				3D2E45D02EF5E9570035CEA1 /* Debug */,
				3D2E45D12EF5E9570035CEA1 /* Release */,
			);
			defaultConfigurationIsVisible = 0;
			defaultConfigurationName = Release;
		};
		3D2E45D22EF5E9570035CEA1 /* Build configuration list for PBXNativeTarget "FinanceCalculators" */ = {
			isa = XCConfigurationList;
			buildConfigurations = (
				3D2E45D32EF5E9570035CEA1 /* Debug */,
				3D2E45D42EF5E9570035CEA1 /* Release */,
			);
			defaultConfigurationIsVisible = 0;
			defaultConfigurationName = Release;
		};
		3D2E45D52EF5E9570035CEA1 /* Build configuration list for PBXNativeTarget "FinanceCalculatorsTests" */ = {
			isa = XCConfigurationList;
			buildConfigurations = (
				3D2E45D62EF5E9570035CEA1 /* Debug */,
				3D2E45D72EF5E9570035CEA1 /* Release */,
			);
			defaultConfigurationIsVisible = 0;
			defaultConfigurationName = Release;
		};
		3D2E45D82EF5E9570035CEA1 /* Build configuration list for PBXNativeTarget "FinanceCalculatorsUITests" */ = {
			isa = XCConfigurationList;
			buildConfigurations = (
				3D2E45D92EF5E9570035CEA1 /* Debug */,
				3D2E45DA2EF5E9570035CEA1 /* Release */,
			);
			defaultConfigurationIsVisible = 0;
			defaultConfigurationName = Release;
		};
/* End XCConfigurationList section */
	};
	rootObject = 3D2E45A92EF5E9550035CEA1 /* Project object */;
}
